// !$*UTF8*$!
{
	archiveVersion = 1;
	classes = {
	};
	objectVersion = 46;
	objects = {

/* Begin PBXBuildFile section */
		0611746E1386EB92008195C2 /* Icon-72.png in Resources */ = {isa = PBXBuildFile; fileRef = 061174661386EB90008195C2 /* Icon-72.png */; };
		0611746F1386EB92008195C2 /* Icon-AppStore.jpg in Resources */ = {isa = PBXBuildFile; fileRef = 061174671386EB90008195C2 /* Icon-AppStore.jpg */; };
		061174701386EB92008195C2 /* Icon-Small-50.png in Resources */ = {isa = PBXBuildFile; fileRef = 061174681386EB90008195C2 /* Icon-Small-50.png */; };
		061174711386EB92008195C2 /* Icon-Small.png in Resources */ = {isa = PBXBuildFile; fileRef = 061174691386EB91008195C2 /* Icon-Small.png */; };
		061174721386EB92008195C2 /* Icon-Small@2x.png in Resources */ = {isa = PBXBuildFile; fileRef = 0611746A1386EB91008195C2 /* Icon-Small@2x.png */; };
		061174731386EB92008195C2 /* Icon.png in Resources */ = {isa = PBXBuildFile; fileRef = 0611746B1386EB91008195C2 /* Icon.png */; };
		061174741386EB92008195C2 /* Icon@2x.png in Resources */ = {isa = PBXBuildFile; fileRef = 0611746C1386EB91008195C2 /* Icon@2x.png */; };
		061174751386EB92008195C2 /* iTunesArtwork in Resources */ = {isa = PBXBuildFile; fileRef = 0611746D1386EB91008195C2 /* iTunesArtwork */; };
		0619F9031386ECDF00C27453 /* JPAdvertisementBannerViewController.m in Sources */ = {isa = PBXBuildFile; fileRef = 0619F8FF1386ECDF00C27453 /* JPAdvertisementBannerViewController.m */; };
		0619F9041386ECDF00C27453 /* JPAdvertisementBannerViewController.xib in Resources */ = {isa = PBXBuildFile; fileRef = 0619F9001386ECDF00C27453 /* JPAdvertisementBannerViewController.xib */; };
		0619F9051386ECDF00C27453 /* JPAdViewController.m in Sources */ = {isa = PBXBuildFile; fileRef = 0619F9021386ECDF00C27453 /* JPAdViewController.m */; };
		068ECB6F1386D7750012C46C /* UIKit.framework in Frameworks */ = {isa = PBXBuildFile; fileRef = 068ECB6E1386D7750012C46C /* UIKit.framework */; };
		068ECB711386D7750012C46C /* Foundation.framework in Frameworks */ = {isa = PBXBuildFile; fileRef = 068ECB701386D7750012C46C /* Foundation.framework */; };
		068ECB731386D7750012C46C /* CoreGraphics.framework in Frameworks */ = {isa = PBXBuildFile; fileRef = 068ECB721386D7750012C46C /* CoreGraphics.framework */; };
		068ECB791386D7750012C46C /* InfoPlist.strings in Resources */ = {isa = PBXBuildFile; fileRef = 068ECB771386D7750012C46C /* InfoPlist.strings */; };
		068ECB7C1386D7750012C46C /* main.m in Sources */ = {isa = PBXBuildFile; fileRef = 068ECB7B1386D7750012C46C /* main.m */; };
		068ECB7F1386D7750012C46C /* JPAdvertisementAppDelegate.m in Sources */ = {isa = PBXBuildFile; fileRef = 068ECB7E1386D7750012C46C /* JPAdvertisementAppDelegate.m */; };
		068ECB821386D7750012C46C /* MainWindow.xib in Resources */ = {isa = PBXBuildFile; fileRef = 068ECB801386D7750012C46C /* MainWindow.xib */; };
		068ECB9E1386DC5C0012C46C /* JPStandInViewController.m in Sources */ = {isa = PBXBuildFile; fileRef = 068ECB9C1386DC5C0012C46C /* JPStandInViewController.m */; };
		068ECB9F1386DC5C0012C46C /* JPAdvertisementPlaygroundViewController.xib in Resources */ = {isa = PBXBuildFile; fileRef = 068ECB9D1386DC5C0012C46C /* JPAdvertisementPlaygroundViewController.xib */; };
		068ECBB31386DEE80012C46C /* Grades.plist in Resources */ = {isa = PBXBuildFile; fileRef = 068ECBAE1386DEE80012C46C /* Grades.plist */; };
		068ECBB41386DEE80012C46C /* GradesLandscape.png in Resources */ = {isa = PBXBuildFile; fileRef = 068ECBAF1386DEE80012C46C /* GradesLandscape.png */; };
		068ECBB51386DEE80012C46C /* GradesLandscape@2x.png in Resources */ = {isa = PBXBuildFile; fileRef = 068ECBB01386DEE80012C46C /* GradesLandscape@2x.png */; };
		068ECBB61386DEE80012C46C /* GradesPortrait.png in Resources */ = {isa = PBXBuildFile; fileRef = 068ECBB11386DEE80012C46C /* GradesPortrait.png */; };
		068ECBB71386DEE80012C46C /* GradesPortrait@2x.png in Resources */ = {isa = PBXBuildFile; fileRef = 068ECBB21386DEE80012C46C /* GradesPortrait@2x.png */; };
		068ECBBD1386DF480012C46C /* Shadow.png in Resources */ = {isa = PBXBuildFile; fileRef = 068ECBB91386DF480012C46C /* Shadow.png */; };
		068ECBBE1386DF480012C46C /* Shadow@2x.png in Resources */ = {isa = PBXBuildFile; fileRef = 068ECBBA1386DF480012C46C /* Shadow@2x.png */; };
		068ECBBF1386DF480012C46C /* ShadowLandscape.png in Resources */ = {isa = PBXBuildFile; fileRef = 068ECBBB1386DF480012C46C /* ShadowLandscape.png */; };
		068ECBC01386DF480012C46C /* ShadowLandscape@2x.png in Resources */ = {isa = PBXBuildFile; fileRef = 068ECBBC1386DF480012C46C /* ShadowLandscape@2x.png */; };
/* End PBXBuildFile section */

/* Begin PBXFileReference section */
		061174661386EB90008195C2 /* Icon-72.png */ = {isa = PBXFileReference; lastKnownFileType = image.png; path = "Icon-72.png"; sourceTree = SOURCE_ROOT; };
		061174671386EB90008195C2 /* Icon-AppStore.jpg */ = {isa = PBXFileReference; lastKnownFileType = image.jpeg; path = "Icon-AppStore.jpg"; sourceTree = SOURCE_ROOT; };
		061174681386EB90008195C2 /* Icon-Small-50.png */ = {isa = PBXFileReference; lastKnownFileType = image.png; path = "Icon-Small-50.png"; sourceTree = SOURCE_ROOT; };
		061174691386EB91008195C2 /* Icon-Small.png */ = {isa = PBXFileReference; lastKnownFileType = image.png; path = "Icon-Small.png"; sourceTree = SOURCE_ROOT; };
		0611746A1386EB91008195C2 /* Icon-Small@2x.png */ = {isa = PBXFileReference; lastKnownFileType = image.png; path = "Icon-Small@2x.png"; sourceTree = SOURCE_ROOT; };
		0611746B1386EB91008195C2 /* Icon.png */ = {isa = PBXFileReference; lastKnownFileType = image.png; path = Icon.png; sourceTree = SOURCE_ROOT; };
		0611746C1386EB91008195C2 /* Icon@2x.png */ = {isa = PBXFileReference; lastKnownFileType = image.png; path = "Icon@2x.png"; sourceTree = SOURCE_ROOT; };
		0611746D1386EB91008195C2 /* iTunesArtwork */ = {isa = PBXFileReference; lastKnownFileType = file; path = iTunesArtwork; sourceTree = SOURCE_ROOT; };
		0619F8FE1386ECDF00C27453 /* JPAdvertisementBannerViewController.h */ = {isa = PBXFileReference; fileEncoding = 4; lastKnownFileType = sourcecode.c.h; path = JPAdvertisementBannerViewController.h; sourceTree = "<group>"; };
		0619F8FF1386ECDF00C27453 /* JPAdvertisementBannerViewController.m */ = {isa = PBXFileReference; fileEncoding = 4; lastKnownFileType = sourcecode.c.objc; path = JPAdvertisementBannerViewController.m; sourceTree = "<group>"; };
		0619F9001386ECDF00C27453 /* JPAdvertisementBannerViewController.xib */ = {isa = PBXFileReference; fileEncoding = 4; lastKnownFileType = file.xib; path = JPAdvertisementBannerViewController.xib; sourceTree = "<group>"; };
		0619F9011386ECDF00C27453 /* JPAdViewController.h */ = {isa = PBXFileReference; fileEncoding = 4; lastKnownFileType = sourcecode.c.h; path = JPAdViewController.h; sourceTree = "<group>"; };
		0619F9021386ECDF00C27453 /* JPAdViewController.m */ = {isa = PBXFileReference; fileEncoding = 4; lastKnownFileType = sourcecode.c.objc; path = JPAdViewController.m; sourceTree = "<group>"; };
		068ECB6A1386D7750012C46C /* JPAdvertisement.app */ = {isa = PBXFileReference; explicitFileType = wrapper.application; includeInIndex = 0; path = JPAdvertisement.app; sourceTree = BUILT_PRODUCTS_DIR; };
		068ECB6E1386D7750012C46C /* UIKit.framework */ = {isa = PBXFileReference; lastKnownFileType = wrapper.framework; name = UIKit.framework; path = System/Library/Frameworks/UIKit.framework; sourceTree = SDKROOT; };
		068ECB701386D7750012C46C /* Foundation.framework */ = {isa = PBXFileReference; lastKnownFileType = wrapper.framework; name = Foundation.framework; path = System/Library/Frameworks/Foundation.framework; sourceTree = SDKROOT; };
		068ECB721386D7750012C46C /* CoreGraphics.framework */ = {isa = PBXFileReference; lastKnownFileType = wrapper.framework; name = CoreGraphics.framework; path = System/Library/Frameworks/CoreGraphics.framework; sourceTree = SDKROOT; };
		068ECB761386D7750012C46C /* JPAdvertisement-Info.plist */ = {isa = PBXFileReference; lastKnownFileType = text.plist.xml; path = "JPAdvertisement-Info.plist"; sourceTree = "<group>"; };
		068ECB781386D7750012C46C /* en */ = {isa = PBXFileReference; lastKnownFileType = text.plist.strings; name = en; path = en.lproj/InfoPlist.strings; sourceTree = "<group>"; };
		068ECB7A1386D7750012C46C /* JPAdvertisement-Prefix.pch */ = {isa = PBXFileReference; lastKnownFileType = sourcecode.c.h; path = "JPAdvertisement-Prefix.pch"; sourceTree = "<group>"; };
		068ECB7B1386D7750012C46C /* main.m */ = {isa = PBXFileReference; lastKnownFileType = sourcecode.c.objc; path = main.m; sourceTree = "<group>"; };
		068ECB7D1386D7750012C46C /* JPAdvertisementAppDelegate.h */ = {isa = PBXFileReference; lastKnownFileType = sourcecode.c.h; path = JPAdvertisementAppDelegate.h; sourceTree = "<group>"; };
		068ECB7E1386D7750012C46C /* JPAdvertisementAppDelegate.m */ = {isa = PBXFileReference; lastKnownFileType = sourcecode.c.objc; path = JPAdvertisementAppDelegate.m; sourceTree = "<group>"; };
		068ECB811386D7750012C46C /* en */ = {isa = PBXFileReference; lastKnownFileType = file.xib; name = en; path = en.lproj/MainWindow.xib; sourceTree = "<group>"; };
		068ECB9B1386DC5C0012C46C /* JPStandInViewController.h */ = {isa = PBXFileReference; fileEncoding = 4; lastKnownFileType = sourcecode.c.h; path = JPStandInViewController.h; sourceTree = "<group>"; };
		068ECB9C1386DC5C0012C46C /* JPStandInViewController.m */ = {isa = PBXFileReference; fileEncoding = 4; lastKnownFileType = sourcecode.c.objc; path = JPStandInViewController.m; sourceTree = "<group>"; };
		068ECB9D1386DC5C0012C46C /* JPAdvertisementPlaygroundViewController.xib */ = {isa = PBXFileReference; fileEncoding = 4; lastKnownFileType = file.xib; path = JPAdvertisementPlaygroundViewController.xib; sourceTree = "<group>"; };
		068ECBAE1386DEE80012C46C /* Grades.plist */ = {isa = PBXFileReference; fileEncoding = 4; lastKnownFileType = text.plist.xml; path = Grades.plist; sourceTree = "<group>"; };
		068ECBAF1386DEE80012C46C /* GradesLandscape.png */ = {isa = PBXFileReference; lastKnownFileType = image.png; path = GradesLandscape.png; sourceTree = "<group>"; };
		068ECBB01386DEE80012C46C /* GradesLandscape@2x.png */ = {isa = PBXFileReference; lastKnownFileType = image.png; path = "GradesLandscape@2x.png"; sourceTree = "<group>"; };
		068ECBB11386DEE80012C46C /* GradesPortrait.png */ = {isa = PBXFileReference; lastKnownFileType = image.png; path = GradesPortrait.png; sourceTree = "<group>"; };
		068ECBB21386DEE80012C46C /* GradesPortrait@2x.png */ = {isa = PBXFileReference; lastKnownFileType = image.png; path = "GradesPortrait@2x.png"; sourceTree = "<group>"; };
		068ECBB91386DF480012C46C /* Shadow.png */ = {isa = PBXFileReference; lastKnownFileType = image.png; path = Shadow.png; sourceTree = "<group>"; };
		068ECBBA1386DF480012C46C /* Shadow@2x.png */ = {isa = PBXFileReference; lastKnownFileType = image.png; path = "Shadow@2x.png"; sourceTree = "<group>"; };
		068ECBBB1386DF480012C46C /* ShadowLandscape.png */ = {isa = PBXFileReference; lastKnownFileType = image.png; path = ShadowLandscape.png; sourceTree = "<group>"; };
		068ECBBC1386DF480012C46C /* ShadowLandscape@2x.png */ = {isa = PBXFileReference; lastKnownFileType = image.png; path = "ShadowLandscape@2x.png"; sourceTree = "<group>"; };
/* End PBXFileReference section */

/* Begin PBXFrameworksBuildPhase section */
		068ECB671386D7750012C46C /* Frameworks */ = {
			isa = PBXFrameworksBuildPhase;
			buildActionMask = 2147483647;
			files = (
				068ECB6F1386D7750012C46C /* UIKit.framework in Frameworks */,
				068ECB711386D7750012C46C /* Foundation.framework in Frameworks */,
				068ECB731386D7750012C46C /* CoreGraphics.framework in Frameworks */,
			);
			runOnlyForDeploymentPostprocessing = 0;
		};
/* End PBXFrameworksBuildPhase section */

/* Begin PBXGroup section */
		061174761386EB96008195C2 /* Icon */ = {
			isa = PBXGroup;
			children = (
				061174661386EB90008195C2 /* Icon-72.png */,
				061174671386EB90008195C2 /* Icon-AppStore.jpg */,
				061174681386EB90008195C2 /* Icon-Small-50.png */,
				061174691386EB91008195C2 /* Icon-Small.png */,
				0611746A1386EB91008195C2 /* Icon-Small@2x.png */,
				0611746B1386EB91008195C2 /* Icon.png */,
				0611746C1386EB91008195C2 /* Icon@2x.png */,
				0611746D1386EB91008195C2 /* iTunesArtwork */,
			);
			name = Icon;
			sourceTree = "<group>";
		};
		0619F8FD1386ECDF00C27453 /* JPAdvert */ = {
			isa = PBXGroup;
			children = (
				0619F8FE1386ECDF00C27453 /* JPAdvertisementBannerViewController.h */,
				0619F8FF1386ECDF00C27453 /* JPAdvertisementBannerViewController.m */,
				0619F9001386ECDF00C27453 /* JPAdvertisementBannerViewController.xib */,
				0619F9011386ECDF00C27453 /* JPAdViewController.h */,
				0619F9021386ECDF00C27453 /* JPAdViewController.m */,
			);
			path = JPAdvert;
			sourceTree = "<group>";
		};
		068ECB5F1386D7750012C46C = {
			isa = PBXGroup;
			children = (
				068ECB741386D7750012C46C /* JPAdvertisement */,
				068ECB6D1386D7750012C46C /* Frameworks */,
				068ECB6B1386D7750012C46C /* Products */,
			);
			sourceTree = "<group>";
		};
		068ECB6B1386D7750012C46C /* Products */ = {
			isa = PBXGroup;
			children = (
				068ECB6A1386D7750012C46C /* JPAdvertisement.app */,
			);
			name = Products;
			sourceTree = "<group>";
		};
		068ECB6D1386D7750012C46C /* Frameworks */ = {
			isa = PBXGroup;
			children = (
				068ECB6E1386D7750012C46C /* UIKit.framework */,
				068ECB701386D7750012C46C /* Foundation.framework */,
				068ECB721386D7750012C46C /* CoreGraphics.framework */,
			);
			name = Frameworks;
			sourceTree = "<group>";
		};
		068ECB741386D7750012C46C /* JPAdvertisement */ = {
			isa = PBXGroup;
			children = (
				061174761386EB96008195C2 /* Icon */,
				068ECBAD1386DEE80012C46C /* Grades */,
				068ECBB81386DF480012C46C /* Shadow */,
				0619F8FD1386ECDF00C27453 /* JPAdvert */,
				068ECBA11386DE510012C46C /* Delegate */,
				068ECBA01386DC610012C46C /* Holder view */,
				068ECB751386D7750012C46C /* Supporting Files */,
			);
			path = JPAdvertisement;
			sourceTree = "<group>";
		};
		068ECB751386D7750012C46C /* Supporting Files */ = {
			isa = PBXGroup;
			children = (
				068ECB761386D7750012C46C /* JPAdvertisement-Info.plist */,
				068ECB771386D7750012C46C /* InfoPlist.strings */,
				068ECB7A1386D7750012C46C /* JPAdvertisement-Prefix.pch */,
				068ECB7B1386D7750012C46C /* main.m */,
			);
			name = "Supporting Files";
			sourceTree = "<group>";
		};
		068ECBA01386DC610012C46C /* Holder view */ = {
			isa = PBXGroup;
			children = (
				068ECB9B1386DC5C0012C46C /* JPStandInViewController.h */,
				068ECB9C1386DC5C0012C46C /* JPStandInViewController.m */,
				068ECB9D1386DC5C0012C46C /* JPAdvertisementPlaygroundViewController.xib */,
			);
			name = "Holder view";
			sourceTree = "<group>";
		};
		068ECBA11386DE510012C46C /* Delegate */ = {
			isa = PBXGroup;
			children = (
				068ECB7D1386D7750012C46C /* JPAdvertisementAppDelegate.h */,
				068ECB7E1386D7750012C46C /* JPAdvertisementAppDelegate.m */,
				068ECB801386D7750012C46C /* MainWindow.xib */,
			);
			name = Delegate;
			sourceTree = "<group>";
		};
		068ECBAD1386DEE80012C46C /* Grades */ = {
			isa = PBXGroup;
			children = (
				068ECBAE1386DEE80012C46C /* Grades.plist */,
				068ECBAF1386DEE80012C46C /* GradesLandscape.png */,
				068ECBB01386DEE80012C46C /* GradesLandscape@2x.png */,
				068ECBB11386DEE80012C46C /* GradesPortrait.png */,
				068ECBB21386DEE80012C46C /* GradesPortrait@2x.png */,
			);
			path = Grades;
			sourceTree = "<group>";
		};
		068ECBB81386DF480012C46C /* Shadow */ = {
			isa = PBXGroup;
			children = (
				068ECBB91386DF480012C46C /* Shadow.png */,
				068ECBBA1386DF480012C46C /* Shadow@2x.png */,
				068ECBBB1386DF480012C46C /* ShadowLandscape.png */,
				068ECBBC1386DF480012C46C /* ShadowLandscape@2x.png */,
			);
			path = Shadow;
			sourceTree = "<group>";
		};
/* End PBXGroup section */

/* Begin PBXNativeTarget section */
		068ECB691386D7750012C46C /* JPAdvertisement */ = {
			isa = PBXNativeTarget;
			buildConfigurationList = 068ECB8B1386D7750012C46C /* Build configuration list for PBXNativeTarget "JPAdvertisement" */;
			buildPhases = (
				068ECB661386D7750012C46C /* Sources */,
				068ECB671386D7750012C46C /* Frameworks */,
				068ECB681386D7750012C46C /* Resources */,
			);
			buildRules = (
			);
			dependencies = (
			);
			name = JPAdvertisement;
			productName = JPAdvertisement;
			productReference = 068ECB6A1386D7750012C46C /* JPAdvertisement.app */;
			productType = "com.apple.product-type.application";
		};
/* End PBXNativeTarget section */

/* Begin PBXProject section */
		068ECB611386D7750012C46C /* Project object */ = {
			isa = PBXProject;
			attributes = {
				ORGANIZATIONNAME = "IdiogenicOsmoles & PasquaLabs";
			};
			buildConfigurationList = 068ECB641386D7750012C46C /* Build configuration list for PBXProject "JPAdvertisement" */;
			compatibilityVersion = "Xcode 3.2";
			developmentRegion = English;
			hasScannedForEncodings = 0;
			knownRegions = (
				en,
			);
			mainGroup = 068ECB5F1386D7750012C46C;
			productRefGroup = 068ECB6B1386D7750012C46C /* Products */;
			projectDirPath = "";
			projectRoot = "";
			targets = (
				068ECB691386D7750012C46C /* JPAdvertisement */,
			);
		};
/* End PBXProject section */

/* Begin PBXResourcesBuildPhase section */
		068ECB681386D7750012C46C /* Resources */ = {
			isa = PBXResourcesBuildPhase;
			buildActionMask = 2147483647;
			files = (
				068ECB791386D7750012C46C /* InfoPlist.strings in Resources */,
				068ECB821386D7750012C46C /* MainWindow.xib in Resources */,
				068ECB9F1386DC5C0012C46C /* JPAdvertisementPlaygroundViewController.xib in Resources */,
				068ECBB31386DEE80012C46C /* Grades.plist in Resources */,
				068ECBB41386DEE80012C46C /* GradesLandscape.png in Resources */,
				068ECBB51386DEE80012C46C /* GradesLandscape@2x.png in Resources */,
				068ECBB61386DEE80012C46C /* GradesPortrait.png in Resources */,
				068ECBB71386DEE80012C46C /* GradesPortrait@2x.png in Resources */,
				068ECBBD1386DF480012C46C /* Shadow.png in Resources */,
				068ECBBE1386DF480012C46C /* Shadow@2x.png in Resources */,
				068ECBBF1386DF480012C46C /* ShadowLandscape.png in Resources */,
				068ECBC01386DF480012C46C /* ShadowLandscape@2x.png in Resources */,
				0611746E1386EB92008195C2 /* Icon-72.png in Resources */,
				0611746F1386EB92008195C2 /* Icon-AppStore.jpg in Resources */,
				061174701386EB92008195C2 /* Icon-Small-50.png in Resources */,
				061174711386EB92008195C2 /* Icon-Small.png in Resources */,
				061174721386EB92008195C2 /* Icon-Small@2x.png in Resources */,
				061174731386EB92008195C2 /* Icon.png in Resources */,
				061174741386EB92008195C2 /* Icon@2x.png in Resources */,
				061174751386EB92008195C2 /* iTunesArtwork in Resources */,
				0619F9041386ECDF00C27453 /* JPAdvertisementBannerViewController.xib in Resources */,
			);
			runOnlyForDeploymentPostprocessing = 0;
		};
/* End PBXResourcesBuildPhase section */

/* Begin PBXSourcesBuildPhase section */
		068ECB661386D7750012C46C /* Sources */ = {
			isa = PBXSourcesBuildPhase;
			buildActionMask = 2147483647;
			files = (
				068ECB7C1386D7750012C46C /* main.m in Sources */,
				068ECB7F1386D7750012C46C /* JPAdvertisementAppDelegate.m in Sources */,
				068ECB9E1386DC5C0012C46C /* JPStandInViewController.m in Sources */,
				0619F9031386ECDF00C27453 /* JPAdvertisementBannerViewController.m in Sources */,
				0619F9051386ECDF00C27453 /* JPAdViewController.m in Sources */,
			);
			runOnlyForDeploymentPostprocessing = 0;
		};
/* End PBXSourcesBuildPhase section */

/* Begin PBXVariantGroup section */
		068ECB771386D7750012C46C /* InfoPlist.strings */ = {
			isa = PBXVariantGroup;
			children = (
				068ECB781386D7750012C46C /* en */,
			);
			name = InfoPlist.strings;
			sourceTree = "<group>";
		};
		068ECB801386D7750012C46C /* MainWindow.xib */ = {
			isa = PBXVariantGroup;
			children = (
				068ECB811386D7750012C46C /* en */,
			);
			name = MainWindow.xib;
			sourceTree = "<group>";
		};
/* End PBXVariantGroup section */

/* Begin XCBuildConfiguration section */
		068ECB891386D7750012C46C /* Debug */ = {
			isa = XCBuildConfiguration;
			buildSettings = {
				ARCHS = "$(ARCHS_STANDARD_32_BIT)";
				"CODE_SIGN_IDENTITY[sdk=iphoneos*]" = "iPhone Developer";
				GCC_C_LANGUAGE_STANDARD = gnu99;
				GCC_OPTIMIZATION_LEVEL = 0;
				GCC_PREPROCESSOR_DEFINITIONS = DEBUG;
				GCC_SYMBOLS_PRIVATE_EXTERN = NO;
				GCC_VERSION = com.apple.compilers.llvmgcc42;
				GCC_WARN_ABOUT_RETURN_TYPE = YES;
				GCC_WARN_UNUSED_VARIABLE = YES;
				IPHONEOS_DEPLOYMENT_TARGET = 4.3;
				SDKROOT = iphoneos;
			};
			name = Debug;
		};
		068ECB8A1386D7750012C46C /* Release */ = {
			isa = XCBuildConfiguration;
			buildSettings = {
				ARCHS = "$(ARCHS_STANDARD_32_BIT)";
				"CODE_SIGN_IDENTITY[sdk=iphoneos*]" = "iPhone Developer";
				GCC_C_LANGUAGE_STANDARD = gnu99;
				GCC_VERSION = com.apple.compilers.llvmgcc42;
				GCC_WARN_ABOUT_RETURN_TYPE = YES;
				GCC_WARN_UNUSED_VARIABLE = YES;
				IPHONEOS_DEPLOYMENT_TARGET = 4.3;
				OTHER_CFLAGS = "-DNS_BLOCK_ASSERTIONS=1";
				SDKROOT = iphoneos;
			};
			name = Release;
		};
		068ECB8C1386D7750012C46C /* Debug */ = {
			isa = XCBuildConfiguration;
			buildSettings = {
				ALWAYS_SEARCH_USER_PATHS = NO;
				COPY_PHASE_STRIP = NO;
				GCC_DYNAMIC_NO_PIC = NO;
				GCC_PRECOMPILE_PREFIX_HEADER = YES;
				GCC_PREFIX_HEADER = "JPAdvertisement/JPAdvertisement-Prefix.pch";
				INFOPLIST_FILE = "JPAdvertisement/JPAdvertisement-Info.plist";
				PRODUCT_NAME = "$(TARGET_NAME)";
				WRAPPER_EXTENSION = app;
			};
			name = Debug;
		};
		068ECB8D1386D7750012C46C /* Release */ = {
			isa = XCBuildConfiguration;
			buildSettings = {
				ALWAYS_SEARCH_USER_PATHS = NO;
				COPY_PHASE_STRIP = YES;
				GCC_PRECOMPILE_PREFIX_HEADER = YES;
				GCC_PREFIX_HEADER = "JPAdvertisement/JPAdvertisement-Prefix.pch";
				INFOPLIST_FILE = "JPAdvertisement/JPAdvertisement-Info.plist";
				PRODUCT_NAME = "$(TARGET_NAME)";
				VALIDATE_PRODUCT = YES;
				WRAPPER_EXTENSION = app;
			};
			name = Release;
		};
/* End XCBuildConfiguration section */

/* Begin XCConfigurationList section */
		068ECB641386D7750012C46C /* Build configuration list for PBXProject "JPAdvertisement" */ = {
			isa = XCConfigurationList;
			buildConfigurations = (
				068ECB891386D7750012C46C /* Debug */,
				068ECB8A1386D7750012C46C /* Release */,
			);
			defaultConfigurationIsVisible = 0;
			defaultConfigurationName = Release;
		};
		068ECB8B1386D7750012C46C /* Build configuration list for PBXNativeTarget "JPAdvertisement" */ = {
			isa = XCConfigurationList;
			buildConfigurations = (
				068ECB8C1386D7750012C46C /* Debug */,
				068ECB8D1386D7750012C46C /* Release */,
			);
			defaultConfigurationIsVisible = 0;
			defaultConfigurationName = Release;
		};
/* End XCConfigurationList section */
	};
	rootObject = 068ECB611386D7750012C46C /* Project object */;
}
